
Microsoft Visual Studio Solution File, Format Version 12.00
# Visual Studio Version 16
VisualStudioVersion = 16.0.29806.167
MinimumVisualStudioVersion = 10.0.40219.1
Project("{FAE04EC0-301F-11D3-BF4B-00C04F79EFBC}") = "Timetable", "Timetable\Timetable.csproj", "{992E04BC-2576-407E-B061-06F5F9E8B8BC}"
EndProject
Global
	GlobalSection(SolutionConfigurationPlatforms) = preSolution
		Debug|Any CPU = Debug|Any CPU
		Release|Any CPU = Release|Any CPU
	EndGlobalSection
	GlobalSection(ProjectConfigurationPlatforms) = postSolution
		{992E04BC-2576-407E-B061-06F5F9E8B8BC}.Debug|Any CPU.ActiveCfg = Debug|Any CPU
		{992E04BC-2576-407E-B061-06F5F9E8B8BC}.Debug|Any CPU.Build.0 = Debug|Any CPU
		{992E04BC-2576-407E-B061-06F5F9E8B8BC}.Release|Any CPU.ActiveCfg = Release|Any CPU
		{992E04BC-2576-407E-B061-06F5F9E8B8BC}.Release|Any CPU.Build.0 = Release|Any CPU
	EndGlobalSection
	GlobalSection(SolutionProperties) = preSolution
		HideSolutionNode = FALSE
	EndGlobalSection
	GlobalSection(ExtensibilityGlobals) = postSolution
		SolutionGuid = {3200005D-B8D4-4316-83C9-B763A3EEB853}
	EndGlobalSection
EndGlobal
